lockfileVersion: '6.0'

settings:
  autoInstallPeers: true
  excludeLinksFromLockfile: false

dependencies:
  '@ark-ui/react':
    specifier: ^1.1.0
    version: 1.1.0(@internationalized/date@3.5.0)(react-dom@18.2.0)(react@18.2.0)
  next:
    specifier: 14.0.3
    version: 14.0.3(react-dom@18.2.0)(react@18.2.0)
  react:
    specifier: ^18
    version: 18.2.0
  react-dom:
    specifier: ^18
    version: 18.2.0(react@18.2.0)

devDependencies:
  '@types/node':
    specifier: ^20
    version: 20.10.0
  '@types/react':
    specifier: ^18
    version: 18.2.38
  '@types/react-dom':
    specifier: ^18
    version: 18.2.17
  typescript:
    specifier: ^5
    version: 5.3.2

packages:

  /@ark-ui/anatomy@1.1.0(@internationalized/date@3.5.0):
    resolution: {integrity: sha512-ClB8qUt1ZYLcTrLHA7zVgGPTmz4RaJvDEQdz0PozWYjfys55n/QRMLP9/bu4tLhAH7V3QU0Kllxo4iT4/Iz+lQ==}
    dependencies:
      '@zag-js/accordion': 0.30.0
      '@zag-js/anatomy': 0.30.0
      '@zag-js/avatar': 0.30.0
      '@zag-js/carousel': 0.30.0
      '@zag-js/checkbox': 0.30.0
      '@zag-js/color-picker': 0.30.0
      '@zag-js/color-utils': 0.30.0
      '@zag-js/combobox': 0.30.0
      '@zag-js/date-picker': 0.30.0
      '@zag-js/date-utils': 0.30.0(@internationalized/date@3.5.0)
      '@zag-js/dialog': 0.30.0
      '@zag-js/editable': 0.30.0
      '@zag-js/file-upload': 0.30.0
      '@zag-js/hover-card': 0.30.0
      '@zag-js/menu': 0.30.0
      '@zag-js/number-input': 0.30.0
      '@zag-js/pagination': 0.30.0
      '@zag-js/pin-input': 0.30.0
      '@zag-js/popover': 0.30.0
      '@zag-js/presence': 0.30.0
      '@zag-js/radio-group': 0.30.0
      '@zag-js/rating-group': 0.30.0
      '@zag-js/select': 0.30.0
      '@zag-js/slider': 0.30.0
      '@zag-js/splitter': 0.30.0
      '@zag-js/switch': 0.30.0
      '@zag-js/tabs': 0.30.0
      '@zag-js/tags-input': 0.30.0
      '@zag-js/toast': 0.30.0
      '@zag-js/toggle-group': 0.30.0
      '@zag-js/tooltip': 0.30.0
    transitivePeerDependencies:
      - '@internationalized/date'
    dev: false

  /@ark-ui/react@1.1.0(@internationalized/date@3.5.0)(react-dom@18.2.0)(react@18.2.0):
    resolution: {integrity: sha512-4B5lBgP/X2iX1Cjk7q/Yf51LOzRgo+wh+FQDf7HHc5HzYXt28rtcEDdTuqfKpeomMCdV5JbndJeyiiSGfzY4WA==}
    peerDependencies:
      react: '>=18.0.0'
      react-dom: '>=18.0.0'
    dependencies:
      '@ark-ui/anatomy': 1.1.0(@internationalized/date@3.5.0)
      '@zag-js/accordion': 0.30.0
      '@zag-js/avatar': 0.30.0
      '@zag-js/carousel': 0.30.0
      '@zag-js/checkbox': 0.30.0
      '@zag-js/color-picker': 0.30.0
      '@zag-js/color-utils': 0.30.0
      '@zag-js/combobox': 0.30.0
      '@zag-js/core': 0.30.0
      '@zag-js/date-picker': 0.30.0
      '@zag-js/date-utils': 0.30.0(@internationalized/date@3.5.0)
      '@zag-js/dialog': 0.30.0
      '@zag-js/editable': 0.30.0
      '@zag-js/file-upload': 0.30.0
      '@zag-js/hover-card': 0.30.0
      '@zag-js/menu': 0.30.0
      '@zag-js/number-input': 0.30.0
      '@zag-js/pagination': 0.30.0
      '@zag-js/pin-input': 0.30.0
      '@zag-js/popover': 0.30.0
      '@zag-js/presence': 0.30.0
      '@zag-js/radio-group': 0.30.0
      '@zag-js/rating-group': 0.30.0
      '@zag-js/react': 0.30.0(react-dom@18.2.0)(react@18.2.0)
      '@zag-js/select': 0.30.0
      '@zag-js/slider': 0.30.0
      '@zag-js/splitter': 0.30.0
      '@zag-js/switch': 0.30.0
      '@zag-js/tabs': 0.30.0
      '@zag-js/tags-input': 0.30.0
      '@zag-js/toast': 0.30.0
      '@zag-js/toggle-group': 0.30.0
      '@zag-js/tooltip': 0.30.0
      '@zag-js/types': 0.30.0
      react: 18.2.0
      react-dom: 18.2.0(react@18.2.0)
    transitivePeerDependencies:
      - '@internationalized/date'
    dev: false

  /@floating-ui/core@1.5.0:
    resolution: {integrity: sha512-kK1h4m36DQ0UHGj5Ah4db7R0rHemTqqO0QLvUqi1/mUUp3LuAWbWxdxSIf/XsnH9VS6rRVPLJCncjRzUvyCLXg==}
    dependencies:
      '@floating-ui/utils': 0.1.6
    dev: false

  /@floating-ui/dom@1.5.3:
    resolution: {integrity: sha512-ClAbQnEqJAKCJOEbbLo5IUlZHkNszqhuxS4fHAVxRPXPya6Ysf2G8KypnYcOTpx6I8xcgF9bbHb6g/2KpbV8qA==}
    dependencies:
      '@floating-ui/core': 1.5.0
      '@floating-ui/utils': 0.1.6
    dev: false

  /@floating-ui/utils@0.1.6:
    resolution: {integrity: sha512-OfX7E2oUDYxtBvsuS4e/jSn4Q9Qb6DzgeYtsAdkPZ47znpoNsMgZw0+tVijiv3uGNR6dgNlty6r9rzIzHjtd/A==}
    dev: false

  /@internationalized/date@3.5.0:
    resolution: {integrity: sha512-nw0Q+oRkizBWMioseI8+2TeUPEyopJVz5YxoYVzR0W1v+2YytiYah7s/ot35F149q/xAg4F1gT/6eTd+tsUpFQ==}
    dependencies:
      '@swc/helpers': 0.5.2
    dev: false

  /@internationalized/number@3.4.0:
    resolution: {integrity: sha512-8TvotW3qVDHC4uv/BVoN6Qx0Dm8clHY1/vpH+dh+XRiPW/9NVpKn1P8d1A+WLphWrMwyqyWXI7uWehJPviaeIw==}
    dependencies:
      '@swc/helpers': 0.5.2
    dev: false

  /@next/env@14.0.3:
    resolution: {integrity: sha512-7xRqh9nMvP5xrW4/+L0jgRRX+HoNRGnfJpD+5Wq6/13j3dsdzxO3BCXn7D3hMqsDb+vjZnJq+vI7+EtgrYZTeA==}
    dev: false

  /@next/swc-darwin-arm64@14.0.3:
    resolution: {integrity: sha512-64JbSvi3nbbcEtyitNn2LEDS/hcleAFpHdykpcnrstITFlzFgB/bW0ER5/SJJwUPj+ZPY+z3e+1jAfcczRLVGw==}
    engines: {node: '>= 10'}
    cpu: [arm64]
    os: [darwin]
    requiresBuild: true
    dev: false
    optional: true

  /@next/swc-darwin-x64@14.0.3:
    resolution: {integrity: sha512-RkTf+KbAD0SgYdVn1XzqE/+sIxYGB7NLMZRn9I4Z24afrhUpVJx6L8hsRnIwxz3ERE2NFURNliPjJ2QNfnWicQ==}
    engines: {node: '>= 10'}
    cpu: [x64]
    os: [darwin]
    requiresBuild: true
    dev: false
    optional: true

  /@next/swc-linux-arm64-gnu@14.0.3:
    resolution: {integrity: sha512-3tBWGgz7M9RKLO6sPWC6c4pAw4geujSwQ7q7Si4d6bo0l6cLs4tmO+lnSwFp1Tm3lxwfMk0SgkJT7EdwYSJvcg==}
    engines: {node: '>= 10'}
    cpu: [arm64]
    os: [linux]
    requiresBuild: true
    dev: false
    optional: true

  /@next/swc-linux-arm64-musl@14.0.3:
    resolution: {integrity: sha512-v0v8Kb8j8T23jvVUWZeA2D8+izWspeyeDGNaT2/mTHWp7+37fiNfL8bmBWiOmeumXkacM/AB0XOUQvEbncSnHA==}
    engines: {node: '>= 10'}
    cpu: [arm64]
    os: [linux]
    requiresBuild: true
    dev: false
    optional: true

  /@next/swc-linux-x64-gnu@14.0.3:
    resolution: {integrity: sha512-VM1aE1tJKLBwMGtyBR21yy+STfl0MapMQnNrXkxeyLs0GFv/kZqXS5Jw/TQ3TSUnbv0QPDf/X8sDXuMtSgG6eg==}
    engines: {node: '>= 10'}
    cpu: [x64]
    os: [linux]
    requiresBuild: true
    dev: false
    optional: true

  /@next/swc-linux-x64-musl@14.0.3:
    resolution: {integrity: sha512-64EnmKy18MYFL5CzLaSuUn561hbO1Gk16jM/KHznYP3iCIfF9e3yULtHaMy0D8zbHfxset9LTOv6cuYKJgcOxg==}
    engines: {node: '>= 10'}
    cpu: [x64]
    os: [linux]
    requiresBuild: true
    dev: false
    optional: true

  /@next/swc-win32-arm64-msvc@14.0.3:
    resolution: {integrity: sha512-WRDp8QrmsL1bbGtsh5GqQ/KWulmrnMBgbnb+59qNTW1kVi1nG/2ndZLkcbs2GX7NpFLlToLRMWSQXmPzQm4tog==}
    engines: {node: '>= 10'}
    cpu: [arm64]
    os: [win32]
    requiresBuild: true
    dev: false
    optional: true

  /@next/swc-win32-ia32-msvc@14.0.3:
    resolution: {integrity: sha512-EKffQeqCrj+t6qFFhIFTRoqb2QwX1mU7iTOvMyLbYw3QtqTw9sMwjykyiMlZlrfm2a4fA84+/aeW+PMg1MjuTg==}
    engines: {node: '>= 10'}
    cpu: [ia32]
    os: [win32]
    requiresBuild: true
    dev: false
    optional: true

  /@next/swc-win32-x64-msvc@14.0.3:
    resolution: {integrity: sha512-ERhKPSJ1vQrPiwrs15Pjz/rvDHZmkmvbf/BjPN/UCOI++ODftT0GtasDPi0j+y6PPJi5HsXw+dpRaXUaw4vjuQ==}
    engines: {node: '>= 10'}
    cpu: [x64]
    os: [win32]
    requiresBuild: true
    dev: false
    optional: true

  /@swc/helpers@0.5.2:
    resolution: {integrity: sha512-E4KcWTpoLHqwPHLxidpOqQbcrZVgi0rsmmZXUle1jXmJfuIf/UWpczUJ7MZZ5tlxytgJXyp0w4PGkkeLiuIdZw==}
    dependencies:
      tslib: 2.6.2
    dev: false

  /@types/node@20.10.0:
    resolution: {integrity: sha512-D0WfRmU9TQ8I9PFx9Yc+EBHw+vSpIub4IDvQivcp26PtPrdMGAq5SDcpXEo/epqa/DXotVpekHiLNTg3iaKXBQ==}
    dependencies:
      undici-types: 5.26.5
    dev: true

  /@types/prop-types@15.7.11:
    resolution: {integrity: sha512-ga8y9v9uyeiLdpKddhxYQkxNDrfvuPrlFb0N1qnZZByvcElJaXthF1UhvCh9TLWJBEHeNtdnbysW7Y6Uq8CVng==}
    dev: true

  /@types/react-dom@18.2.17:
    resolution: {integrity: sha512-rvrT/M7Df5eykWFxn6MYt5Pem/Dbyc1N8Y0S9Mrkw2WFCRiqUgw9P7ul2NpwsXCSM1DVdENzdG9J5SreqfAIWg==}
    dependencies:
      '@types/react': 18.2.38
    dev: true

  /@types/react@18.2.38:
    resolution: {integrity: sha512-cBBXHzuPtQK6wNthuVMV6IjHAFkdl/FOPFIlkd81/Cd1+IqkHu/A+w4g43kaQQoYHik/ruaQBDL72HyCy1vuMw==}
    dependencies:
      '@types/prop-types': 15.7.11
      '@types/scheduler': 0.16.8
      csstype: 3.1.2
    dev: true

  /@types/scheduler@0.16.8:
    resolution: {integrity: sha512-WZLiwShhwLRmeV6zH+GkbOFT6Z6VklCItrDioxUnv+u4Ll+8vKeFySoFyK/0ctcRpOmwAicELfmys1sDc/Rw+A==}
    dev: true

  /@zag-js/accordion@0.30.0:
    resolution: {integrity: sha512-Wvk/czB9NYeAy0KOo6q45NiQ3d3URTxWlntrknP3pq1sw4HCdraqpl8jv9f3eg+gnTAeZWYwBr/jlWvfs67KMQ==}
    dependencies:
      '@zag-js/anatomy': 0.30.0
      '@zag-js/core': 0.30.0
      '@zag-js/dom-event': 0.30.0
      '@zag-js/dom-query': 0.30.0
      '@zag-js/types': 0.30.0
      '@zag-js/utils': 0.30.0
    dev: false

  /@zag-js/anatomy@0.30.0:
    resolution: {integrity: sha512-tPtFGw2PO+dUtMXl/5C1wMfWsh6V7lRygENvro58nP02/T6EnMyqH6D1tz6bPGC0RZc0BpXt2/+cMeq9hs4kxQ==}
    dev: false

  /@zag-js/aria-hidden@0.30.0:
    resolution: {integrity: sha512-qTQf/pGQcX/qR50IedndAUcUSH0NzTIQSlJp7yf8H2IlVazwtdamoJIzgcrU+pOZ2VePFzkl8J3GwA7UlItUtw==}
    dependencies:
      '@zag-js/dom-query': 0.30.0
    dev: false

  /@zag-js/auto-resize@0.30.0:
    resolution: {integrity: sha512-khlb77zoSp+M7hvWiJapQDFpyFABS/RckrTXwlbAFbDaAgeGWYBajYS4vsKF+gbjT9EJpNsocjAr/myJS2WjQg==}
    dependencies:
      '@zag-js/dom-query': 0.30.0
    dev: false

  /@zag-js/avatar@0.30.0:
    resolution: {integrity: sha512-iNd3LqKvWhxjBP0YCwC6D2pRkWi1jxJSJz1wnYH21oECnsuUgULZKSoAqcK4SvSPrbbFolDFVwg9zDIDqZXQIA==}
    dependencies:
      '@zag-js/anatomy': 0.30.0
      '@zag-js/core': 0.30.0
      '@zag-js/dom-query': 0.30.0
      '@zag-js/mutation-observer': 0.30.0
      '@zag-js/types': 0.30.0
      '@zag-js/utils': 0.30.0
    dev: false

  /@zag-js/carousel@0.30.0:
    resolution: {integrity: sha512-ozek4hH/hanGtcfKiZx0u+cmptuWm1lC5N13yh8jL9Xx0veeWDA9Atkqo3fZlWrkQz01sI8gYs/QGa1gHMRauQ==}
    dependencies:
      '@zag-js/anatomy': 0.30.0
      '@zag-js/core': 0.30.0
      '@zag-js/dom-query': 0.30.0
      '@zag-js/types': 0.30.0
      '@zag-js/utils': 0.30.0
    dev: false

  /@zag-js/checkbox@0.30.0:
    resolution: {integrity: sha512-GZ2/bLgjynjoL0GfKF208oqTBJ6QMNkMTcWiNNu07GGEdRvM224uJzzUtlgnR8pXm/6+U1uxUqyBkXHr0ckjBg==}
    dependencies:
      '@zag-js/anatomy': 0.30.0
      '@zag-js/core': 0.30.0
      '@zag-js/dom-query': 0.30.0
      '@zag-js/form-utils': 0.30.0
      '@zag-js/types': 0.30.0
      '@zag-js/utils': 0.30.0
      '@zag-js/visually-hidden': 0.30.0
    dev: false

  /@zag-js/collection@0.30.0:
    resolution: {integrity: sha512-pynST1n0HEF38/rjqdVck7rTd2x2eHkT4TXe1oundzCpsaR+hIbneWp0NVlEbusI44PdR5kMPYFn032oD4L1Pw==}
    dev: false

  /@zag-js/color-picker@0.30.0:
    resolution: {integrity: sha512-gk8XKJsPaNY8xMyDiDPbxeHaOGPgocMK2ctPEl51/vQj+IMJOQh71zabdYSdx5hxrCvCqJBaMCJ/DFRTWFvx6w==}
    dependencies:
      '@zag-js/anatomy': 0.30.0
      '@zag-js/color-utils': 0.30.0
      '@zag-js/core': 0.30.0
      '@zag-js/dismissable': 0.30.0
      '@zag-js/dom-event': 0.30.0
      '@zag-js/dom-query': 0.30.0
      '@zag-js/form-utils': 0.30.0
      '@zag-js/popper': 0.30.0
      '@zag-js/tabbable': 0.30.0
      '@zag-js/text-selection': 0.30.0
      '@zag-js/types': 0.30.0
      '@zag-js/utils': 0.30.0
      '@zag-js/visually-hidden': 0.30.0
    dev: false

  /@zag-js/color-utils@0.30.0:
    resolution: {integrity: sha512-OsCGhm0+28xMvfF1EfXqtblG7xFCwt1FhrXxZnnXDJSjwxvB3pmwPAFCL6nauH39LG53+Qb3dgt768oGVVYk7A==}
    dependencies:
      '@zag-js/numeric-range': 0.30.0
    dev: false

  /@zag-js/combobox@0.30.0:
    resolution: {integrity: sha512-tH0gpP7IdLLZrm8b7444UaBQIxVQ980WM6YEg5HZv+5rYwYE0IYxxXo70ROXTmDnQ3IhnmyZGOJk6xpIcfveSw==}
    dependencies:
      '@zag-js/anatomy': 0.30.0
      '@zag-js/aria-hidden': 0.30.0
      '@zag-js/collection': 0.30.0
      '@zag-js/core': 0.30.0
      '@zag-js/dismissable': 0.30.0
      '@zag-js/dom-event': 0.30.0
      '@zag-js/dom-query': 0.30.0
      '@zag-js/mutation-observer': 0.30.0
      '@zag-js/popper': 0.30.0
      '@zag-js/types': 0.30.0
      '@zag-js/utils': 0.30.0
    dev: false

  /@zag-js/core@0.30.0:
    resolution: {integrity: sha512-z/VFXsRQGCrpHCxcxj8swKO5WHj0e8WGs+jLwU63oEfD8kYRwpem2AfbE9tqIJTlY/StCZFz1KM/rFN+wjEVYw==}
    dependencies:
      '@zag-js/store': 0.30.0
      klona: 2.0.6
    dev: false

  /@zag-js/date-picker@0.30.0:
    resolution: {integrity: sha512-pIXjglW+SBoHICogzr+k1DYUvjbNGfB6IcTDXIRshSM430Z0/qnWQErcitklCtvZ4aaey5pH2dLBiGmttihETA==}
    dependencies:
      '@internationalized/date': 3.5.0
      '@zag-js/anatomy': 0.30.0
      '@zag-js/core': 0.30.0
      '@zag-js/date-utils': 0.30.0(@internationalized/date@3.5.0)
      '@zag-js/dismissable': 0.30.0
      '@zag-js/dom-event': 0.30.0
      '@zag-js/dom-query': 0.30.0
      '@zag-js/form-utils': 0.30.0
      '@zag-js/live-region': 0.30.0
      '@zag-js/popper': 0.30.0
      '@zag-js/text-selection': 0.30.0
      '@zag-js/types': 0.30.0
      '@zag-js/utils': 0.30.0
    dev: false

  /@zag-js/date-utils@0.30.0(@internationalized/date@3.5.0):
    resolution: {integrity: sha512-oOyZnDSPeWo0c+gF1J1iwViAK9eLS/QNazOiQ56E3Rg95KzzzWStuXIn33zZSt2bYsLklxq20TlZIWIIfL5TlQ==}
    peerDependencies:
      '@internationalized/date': '>=3.0.0'
    dependencies:
      '@internationalized/date': 3.5.0
    dev: false

  /@zag-js/dialog@0.30.0:
    resolution: {integrity: sha512-zHfLjU1s5BPZX/5GVyv2sU/tBQMDzB0ZfbevVsXFzo6QL36fWOCG1R+VMb7RsMhFePgSU/E3eBqQHF8BZtZQTQ==}
    dependencies:
      '@zag-js/anatomy': 0.30.0
      '@zag-js/aria-hidden': 0.30.0
      '@zag-js/core': 0.30.0
      '@zag-js/dismissable': 0.30.0
      '@zag-js/dom-query': 0.30.0
      '@zag-js/remove-scroll': 0.30.0
      '@zag-js/types': 0.30.0
      '@zag-js/utils': 0.30.0
      focus-trap: 7.5.4
    dev: false

  /@zag-js/dismissable@0.30.0:
    resolution: {integrity: sha512-tgL5O+W6p8Jr8JPqPwDzEwIFfZ56GAH3Br7mT20WNL/9NI06+PFlo+VCmDN4NnBNlGMbZTY94raD5GaRU0GZ3Q==}
    dependencies:
      '@zag-js/dom-event': 0.30.0
      '@zag-js/dom-query': 0.30.0
      '@zag-js/interact-outside': 0.30.0
      '@zag-js/utils': 0.30.0
    dev: false

  /@zag-js/dom-event@0.30.0:
    resolution: {integrity: sha512-nYtG30E+f7w5jxFE/qmjcC7d/z8lAzT6n897YwrB2ic17VXWqN6LE7NduYfB62n3BF5hTDeWGgZEfaP0JQtPzQ==}
    dependencies:
      '@zag-js/text-selection': 0.30.0
      '@zag-js/types': 0.30.0
    dev: false

  /@zag-js/dom-query@0.30.0:
    resolution: {integrity: sha512-cNIxL+ySzy8C13tEoDoo+B/j3rVFON3VCJXwieja1izcl+65yr88sJQmEGbOq/zuNTCWA9hijeimhv4c3zht9Q==}
    dev: false

  /@zag-js/editable@0.30.0:
    resolution: {integrity: sha512-zmO/DcKk8sUdkzj5cA+pFqfPrXrx7caudT4LuIGzYKFlaNMUXmGOsU6Q77irnORxw1keVJc5d70LaJGnwjXF5g==}
    dependencies:
      '@zag-js/anatomy': 0.30.0
      '@zag-js/core': 0.30.0
      '@zag-js/dom-event': 0.30.0
      '@zag-js/dom-query': 0.30.0
      '@zag-js/form-utils': 0.30.0
      '@zag-js/interact-outside': 0.30.0
      '@zag-js/types': 0.30.0
      '@zag-js/utils': 0.30.0
    dev: false

  /@zag-js/element-rect@0.30.0:
    resolution: {integrity: sha512-u8SOqz1NK+RIAQEnILBK1bmC9rDpBaGqezzYqQf0Z30EE8CtkjVWsqONJurprzMqkORmqO9m1aSHc/SiLypeMg==}
    dev: false

  /@zag-js/element-size@0.30.0:
    resolution: {integrity: sha512-d4M6VY86BYfy/sYTJlqn8jR0MLQEwckO4CYLpjsyv7cyfPMYNZf1FAVJWk9RNi3CBIdE/jzxIhFsVph8WD5e4Q==}
    dev: false

  /@zag-js/file-upload@0.30.0:
    resolution: {integrity: sha512-7tsTtjv5ZLTCaz4qwNWwSlGeoTLnoW7kB9m76Syxto5iVmZYrfJIS3pSyW/T+m4yItjTBjYZViat2YvGc/ahuw==}
    dependencies:
      '@zag-js/anatomy': 0.30.0
      '@zag-js/core': 0.30.0
      '@zag-js/dom-query': 0.30.0
      '@zag-js/file-utils': 0.30.0
      '@zag-js/types': 0.30.0
      '@zag-js/utils': 0.30.0
      '@zag-js/visually-hidden': 0.30.0
    dev: false

  /@zag-js/file-utils@0.30.0:
    resolution: {integrity: sha512-IHyRZCEBRH3UltQhbkduDYmhvtHF3UDacyYfzBXfo0pBuhWn6Oob9oCihqdEkXnmXRBskS/KxzmMsK0GZxna4w==}
    dev: false

  /@zag-js/form-utils@0.30.0:
    resolution: {integrity: sha512-PSutqjx6kakpIOjo4tyqg9fs9l1Fiy8OQ3qHxY8zBuJnZfwE9CjeMaT9nHKixmIH+ISL14OFnRP8a28x70TIWA==}
    dependencies:
      '@zag-js/mutation-observer': 0.30.0
    dev: false

  /@zag-js/hover-card@0.30.0:
    resolution: {integrity: sha512-8XC2OPLTapBVGURlzpxsSuR4pOH7qoHtANDbgCLq0D8gD4oD4jXeFJ1eetkQmPbea0BgzvpiXfBhmT/9dT8OQg==}
    dependencies:
      '@zag-js/anatomy': 0.30.0
      '@zag-js/core': 0.30.0
      '@zag-js/dismissable': 0.30.0
      '@zag-js/dom-query': 0.30.0
      '@zag-js/popper': 0.30.0
      '@zag-js/types': 0.30.0
      '@zag-js/utils': 0.30.0
    dev: false

  /@zag-js/interact-outside@0.30.0:
    resolution: {integrity: sha512-yqmnzKZ2mAaOT4udQkTBgGFr3aBPwl/Ta69QVdc1ilDURDzRF77oqonzirJ65nqYQv+ykhiHGL5ltYlVzhz+rQ==}
    dependencies:
      '@zag-js/dom-event': 0.30.0
      '@zag-js/dom-query': 0.30.0
      '@zag-js/tabbable': 0.30.0
      '@zag-js/utils': 0.30.0
    dev: false

  /@zag-js/live-region@0.30.0:
    resolution: {integrity: sha512-c607D4nxybf/PiSgb/7KM1hl4ZBIvvO6gW5Q9ODJWJP963yWCA5xkBm/kMh1rbk0u7U4+SiUp2iZk25+CqJIOg==}
    dependencies:
      '@zag-js/visually-hidden': 0.30.0
    dev: false

  /@zag-js/menu@0.30.0:
    resolution: {integrity: sha512-fn+QqdSez+shlUc+VX66qKQu/L91wr/uDOyuE2suGQBMsq8Hv/K+QNnHB5+byWbg9oiBXllD01PldvCnODaqdg==}
    dependencies:
      '@zag-js/anatomy': 0.30.0
      '@zag-js/core': 0.30.0
      '@zag-js/dismissable': 0.30.0
      '@zag-js/dom-event': 0.30.0
      '@zag-js/dom-query': 0.30.0
      '@zag-js/mutation-observer': 0.30.0
      '@zag-js/popper': 0.30.0
      '@zag-js/rect-utils': 0.30.0
      '@zag-js/types': 0.30.0
      '@zag-js/utils': 0.30.0
    dev: false

  /@zag-js/mutation-observer@0.30.0:
    resolution: {integrity: sha512-E6gH0khXSznei88HdVQ1iRzvL1eldTPbOhfjx3HshaUbhAs+JXvdPglYhG7A9m7VCOGv6Z/ANBPQoabY9ilKmw==}
    dev: false

  /@zag-js/number-input@0.30.0:
    resolution: {integrity: sha512-G6I7klO7FiREv7psWX9IRuHzC9rhi0koiGPT+FqVd+conLuL5etB/SooQaRJlb4ISYdD6FVDfHMCIlC/isldcg==}
    dependencies:
      '@internationalized/number': 3.4.0
      '@zag-js/anatomy': 0.30.0
      '@zag-js/core': 0.30.0
      '@zag-js/dom-event': 0.30.0
      '@zag-js/dom-query': 0.30.0
      '@zag-js/form-utils': 0.30.0
      '@zag-js/mutation-observer': 0.30.0
      '@zag-js/number-utils': 0.30.0
      '@zag-js/types': 0.30.0
      '@zag-js/utils': 0.30.0
    dev: false

  /@zag-js/number-utils@0.30.0:
    resolution: {integrity: sha512-QhqSr3L913JrzMK8momRuTjn78fTXk3mnZSkX3KsAqlJ+MXsEC0vIKe0J6+wK/CHBYX/Y9VzzvpnLYlh24VkJQ==}
    dev: false

  /@zag-js/numeric-range@0.30.0:
    resolution: {integrity: sha512-AkT0JxFEQhEGT0uanlm+Hbf2Uw6vBo//ocly97hR3/BQr9cjgbJtaR5kD9vJWDjLEy304VWoKAvwZjbtHvGIDQ==}
    dev: false

  /@zag-js/pagination@0.30.0:
    resolution: {integrity: sha512-8YKp2YE2vGfyrlDuhaIRYeaW1ihtdss/uQZVv6cGE2sCAUPjfJFFVAlUjaa743ReZEq+HQB6TTXH/XLDsJMnmw==}
    dependencies:
      '@zag-js/anatomy': 0.30.0
      '@zag-js/core': 0.30.0
      '@zag-js/dom-query': 0.30.0
      '@zag-js/types': 0.30.0
      '@zag-js/utils': 0.30.0
    dev: false

  /@zag-js/pin-input@0.30.0:
    resolution: {integrity: sha512-FUos0cYEYYUMIxgZex6tE5IKXh+jruBDCODAlt1e7XTM/9NCvlooOVwWr3s9ztBI/0ZzSmKXYKIiIIsTLhvZHA==}
    dependencies:
      '@zag-js/anatomy': 0.30.0
      '@zag-js/core': 0.30.0
      '@zag-js/dom-event': 0.30.0
      '@zag-js/dom-query': 0.30.0
      '@zag-js/form-utils': 0.30.0
      '@zag-js/types': 0.30.0
      '@zag-js/utils': 0.30.0
      '@zag-js/visually-hidden': 0.30.0
    dev: false

  /@zag-js/popover@0.30.0:
    resolution: {integrity: sha512-8l6MSlRYQ/ctFJ6xtFNS+TrbrFChPO23e6bOR10K4RPhgPS5E6DWcRP8K+i9GXRnYSJLUV8L5fbuh5JmM1Xc+A==}
    dependencies:
      '@zag-js/anatomy': 0.30.0
      '@zag-js/aria-hidden': 0.30.0
      '@zag-js/core': 0.30.0
      '@zag-js/dismissable': 0.30.0
      '@zag-js/dom-query': 0.30.0
      '@zag-js/popper': 0.30.0
      '@zag-js/remove-scroll': 0.30.0
      '@zag-js/tabbable': 0.30.0
      '@zag-js/types': 0.30.0
      '@zag-js/utils': 0.30.0
      focus-trap: 7.5.4
    dev: false

  /@zag-js/popper@0.30.0:
    resolution: {integrity: sha512-113Kc5sLUL4y+PkZiSuGeEUDKkAaV8ZgwOX1iuRGcvUdhEbI0l5J+yo96QdRoIRVJiK+drKVAheUa+syy6AnXg==}
    dependencies:
      '@floating-ui/dom': 1.5.3
      '@zag-js/dom-query': 0.30.0
      '@zag-js/element-rect': 0.30.0
      '@zag-js/utils': 0.30.0
    dev: false

  /@zag-js/presence@0.30.0:
    resolution: {integrity: sha512-LBHz9a9k5D7c6T9bdO+J2ZPgXZGciQ3g6blxM1rgutIiuShyF5na/A/umgjFxVlfiUQkevEcTc3RRXomj9WCqQ==}
    dependencies:
      '@zag-js/core': 0.30.0
      '@zag-js/types': 0.30.0
    dev: false

  /@zag-js/radio-group@0.30.0:
    resolution: {integrity: sha512-3qFgwDYNE0SLaolv3rJAximtbddOLqDD/43pkstx/6CmoI1jrTbcJAzTWAceVYXVCg2vsBnAbUo0JJY9vpnW3w==}
    dependencies:
      '@zag-js/anatomy': 0.30.0
      '@zag-js/core': 0.30.0
      '@zag-js/dom-query': 0.30.0
      '@zag-js/element-rect': 0.30.0
      '@zag-js/form-utils': 0.30.0
      '@zag-js/types': 0.30.0
      '@zag-js/utils': 0.30.0
      '@zag-js/visually-hidden': 0.30.0
    dev: false

  /@zag-js/rating-group@0.30.0:
    resolution: {integrity: sha512-y3d1OFwXdorGv/bj6hraK5v1gYtpTk5ZXK6w01Ho3gWRSq9jhCZ5XgHWuMUHP7OaYJLw+XkvjhsWwFuIIngB3Q==}
    dependencies:
      '@zag-js/anatomy': 0.30.0
      '@zag-js/core': 0.30.0
      '@zag-js/dom-event': 0.30.0
      '@zag-js/dom-query': 0.30.0
      '@zag-js/form-utils': 0.30.0
      '@zag-js/types': 0.30.0
      '@zag-js/utils': 0.30.0
    dev: false

  /@zag-js/react@0.30.0(react-dom@18.2.0)(react@18.2.0):
    resolution: {integrity: sha512-nWimFzc/4/vUJwh2ncetLqrYm2hyEh0pCS2zYcrHUThr3T/uRYkDpzQwjIl6Y5Y0UUhzMLm4911/SvGybCiExg==}
    peerDependencies:
      react: '>=18.0.0'
      react-dom: '>=18.0.0'
    dependencies:
      '@zag-js/core': 0.30.0
      '@zag-js/store': 0.30.0
      '@zag-js/types': 0.30.0
      proxy-compare: 2.5.1
      react: 18.2.0
      react-dom: 18.2.0(react@18.2.0)
    dev: false

  /@zag-js/rect-utils@0.30.0:
    resolution: {integrity: sha512-Wr5VEyGmvYPsqnkixQiGRyBoLMXIUheGd88Q/9aUlivr7P2Omq8RQKl4PtWZUU8Th/FXJ58ardaCUKeymNsnnw==}
    dev: false

  /@zag-js/remove-scroll@0.30.0:
    resolution: {integrity: sha512-FM4rja17VXfuUb8CznVH6rrI7cgN1Ij1Ywco58EY3dfRxpGJeR3euFdJJ7YIFct2HBASC9/BnapyQN0DbtnMVA==}
    dependencies:
      '@zag-js/dom-query': 0.30.0
    dev: false

  /@zag-js/select@0.30.0:
    resolution: {integrity: sha512-XfHFm8Q962bGjlQjfPQ2xj/RYy20pRZClfy3NurJ87Nwmajw0DqjE+mUYtA5mzTrwF/s+r+OqI63Ewxa9oMnYA==}
    dependencies:
      '@zag-js/anatomy': 0.30.0
      '@zag-js/collection': 0.30.0
      '@zag-js/core': 0.30.0
      '@zag-js/dismissable': 0.30.0
      '@zag-js/dom-event': 0.30.0
      '@zag-js/dom-query': 0.30.0
      '@zag-js/form-utils': 0.30.0
      '@zag-js/mutation-observer': 0.30.0
      '@zag-js/popper': 0.30.0
      '@zag-js/tabbable': 0.30.0
      '@zag-js/types': 0.30.0
      '@zag-js/utils': 0.30.0
      '@zag-js/visually-hidden': 0.30.0
    dev: false

  /@zag-js/slider@0.30.0:
    resolution: {integrity: sha512-yF29PHBUPTxhqQaYcKurzr8CWTcuy6RBS4ulCdDnlo0nYbMBuEMoXFOItW7vOzh5wZuLf/MdAwxaOn3xWWSN/A==}
    dependencies:
      '@zag-js/anatomy': 0.30.0
      '@zag-js/core': 0.30.0
      '@zag-js/dom-event': 0.30.0
      '@zag-js/dom-query': 0.30.0
      '@zag-js/element-size': 0.30.0
      '@zag-js/form-utils': 0.30.0
      '@zag-js/numeric-range': 0.30.0
      '@zag-js/types': 0.30.0
      '@zag-js/utils': 0.30.0
    dev: false

  /@zag-js/splitter@0.30.0:
    resolution: {integrity: sha512-1gVLpGe/7/mMwMvHHt9IdqEpZuXKJNrQcG4fV/SA5WhWJ34capFHrM46WpO7gyWbwJCUjAaI4JPJkkab9ebkeA==}
    dependencies:
      '@zag-js/anatomy': 0.30.0
      '@zag-js/core': 0.30.0
      '@zag-js/dom-event': 0.30.0
      '@zag-js/dom-query': 0.30.0
      '@zag-js/number-utils': 0.30.0
      '@zag-js/types': 0.30.0
      '@zag-js/utils': 0.30.0
    dev: false

  /@zag-js/store@0.30.0:
    resolution: {integrity: sha512-AMvsP8WC2UTYiRVtWTfCm3MJzrNa32GfsmgMdjKlxzTGSlVxKAJcfEHwUWY0EJD58UfAvjKFL3KATIJPrYHqtA==}
    dependencies:
      proxy-compare: 2.5.1
    dev: false

  /@zag-js/switch@0.30.0:
    resolution: {integrity: sha512-RLluOKFJjoQ7LNrEl0qpkdVlJDF0SrVOtX4iHKrBVGhUJCmdbrf9nmeHODDZkkpj64+lzZghL7zndAKtARc3bw==}
    dependencies:
      '@zag-js/anatomy': 0.30.0
      '@zag-js/core': 0.30.0
      '@zag-js/dom-query': 0.30.0
      '@zag-js/form-utils': 0.30.0
      '@zag-js/types': 0.30.0
      '@zag-js/utils': 0.30.0
      '@zag-js/visually-hidden': 0.30.0
    dev: false

  /@zag-js/tabbable@0.30.0:
    resolution: {integrity: sha512-II9a+12qAes3Aq0ePlPt7NoRgoJERIgkxfVz12yolFHfDcViGvV34569hUkX9UTTLsE6pDLGpdbLntKX3YILcg==}
    dependencies:
      '@zag-js/dom-query': 0.30.0
    dev: false

  /@zag-js/tabs@0.30.0:
    resolution: {integrity: sha512-fSTFssMDlnG0clAafQFtH3nnVuM8z1IBsCGo3Sylk8ilCygiBOl/2JHBe88vE9xvj8Hxo2nQj7fx0o87UEQ55A==}
    dependencies:
      '@zag-js/anatomy': 0.30.0
      '@zag-js/core': 0.30.0
      '@zag-js/dom-event': 0.30.0
      '@zag-js/dom-query': 0.30.0
      '@zag-js/element-rect': 0.30.0
      '@zag-js/tabbable': 0.30.0
      '@zag-js/types': 0.30.0
      '@zag-js/utils': 0.30.0
    dev: false

  /@zag-js/tags-input@0.30.0:
    resolution: {integrity: sha512-HuN/RrFHEfKjwZkKv07l0BwO87KY7EkLQC1KyXE0vhKnR6o0dKDm1gh9hUEjBkgBaq9NcdFMLlCQhoxjoI3wqg==}
    dependencies:
      '@zag-js/anatomy': 0.30.0
      '@zag-js/auto-resize': 0.30.0
      '@zag-js/core': 0.30.0
      '@zag-js/dom-event': 0.30.0
      '@zag-js/dom-query': 0.30.0
      '@zag-js/form-utils': 0.30.0
      '@zag-js/interact-outside': 0.30.0
      '@zag-js/live-region': 0.30.0
      '@zag-js/types': 0.30.0
      '@zag-js/utils': 0.30.0
    dev: false

  /@zag-js/text-selection@0.30.0:
    resolution: {integrity: sha512-bfZ9Mzk0cbY3BH26FvMv10l9+tOIHj9ZiM6D/oun9WQ1Pcn9QOaBA5iS9F5rMfhVSVBgjrYOxj4v3U2GtF3Piw==}
    dependencies:
      '@zag-js/dom-query': 0.30.0
    dev: false

  /@zag-js/toast@0.30.0:
    resolution: {integrity: sha512-DzYE06Wmw+b5wV7fjk2m97+iHkWMOq+JgkO6ecquvkRVTpeOw3BiJftG1p4ptM7fx7ipJLAEPC1Q/8h3xfLZfg==}
    dependencies:
      '@zag-js/anatomy': 0.30.0
      '@zag-js/core': 0.30.0
      '@zag-js/dom-event': 0.30.0
      '@zag-js/dom-query': 0.30.0
      '@zag-js/types': 0.30.0
      '@zag-js/utils': 0.30.0
    dev: false

  /@zag-js/toggle-group@0.30.0:
    resolution: {integrity: sha512-D+y/DdcKeiIrUDWvOCFIm7mw/aipQXkXbTavZrIrJyfJixqr0yVAOeI6R76jkPhP18hLP5aykpVba3o5irA8NA==}
    dependencies:
      '@zag-js/anatomy': 0.30.0
      '@zag-js/core': 0.30.0
      '@zag-js/dom-event': 0.30.0
      '@zag-js/dom-query': 0.30.0
      '@zag-js/types': 0.30.0
      '@zag-js/utils': 0.30.0
    dev: false

  /@zag-js/tooltip@0.30.0:
    resolution: {integrity: sha512-U8wS1dfW1SlW+KdGnhYJXVAdQzoGejdailp+Fx/bjw4vAhlEcPlJpGb1dT9q7vcDb22nAAPYC1Mgg0EQ57sKpw==}
    dependencies:
      '@zag-js/anatomy': 0.30.0
      '@zag-js/core': 0.30.0
      '@zag-js/dom-event': 0.30.0
      '@zag-js/dom-query': 0.30.0
      '@zag-js/popper': 0.30.0
      '@zag-js/types': 0.30.0
      '@zag-js/utils': 0.30.0
    dev: false

  /@zag-js/types@0.30.0:
    resolution: {integrity: sha512-e3BNMe1/OvpzDyzKEk6n6iad8ntbFETbKANsjsAO0m7pwXN0MpPA+P9EzwafRuTEFycTCAV05VWc3zaeAkDpPg==}
    dependencies:
      csstype: 3.1.2
    dev: false

  /@zag-js/utils@0.30.0:
    resolution: {integrity: sha512-wWBz1qMM2WuRQWrA4zTWlSdRFmTbPsjCHDEu5tI4b/rzX0J2uZ1SDH2xwt89XA+JXmXu/Aol5RhYkUb3wLzjiQ==}
    dev: false

  /@zag-js/visually-hidden@0.30.0:
    resolution: {integrity: sha512-uyL3g4VQ5IyPWpDQSoVdzHss3Su7GrWpvVZ+2DsuptYmCdwNfHQJM7DJdWHS0Pjc4xx9uWkEhEXqGaTe2pqPvA==}
    dev: false

  /busboy@1.6.0:
    resolution: {integrity: sha512-8SFQbg/0hQ9xy3UNTB0YEnsNBbWfhf7RtnzpL7TkBiTBRfrQ9Fxcnz7VJsleJpyp6rVLvXiuORqjlHi5q+PYuA==}
    engines: {node: '>=10.16.0'}
    dependencies:
      streamsearch: 1.1.0
    dev: false

  /caniuse-lite@1.0.30001565:
    resolution: {integrity: sha512-xrE//a3O7TP0vaJ8ikzkD2c2NgcVUvsEe2IvFTntV4Yd1Z9FVzh+gW+enX96L0psrbaFMcVcH2l90xNuGDWc8w==}
    dev: false

  /client-only@0.0.1:
    resolution: {integrity: sha512-IV3Ou0jSMzZrd3pZ48nLkT9DA7Ag1pnPzaiQhpW7c3RbcqqzvzzVu+L8gfqMp/8IM2MQtSiqaCxrrcfu8I8rMA==}
    dev: false

  /csstype@3.1.2:
    resolution: {integrity: sha512-I7K1Uu0MBPzaFKg4nI5Q7Vs2t+3gWWW648spaF+Rg7pI9ds18Ugn+lvg4SHczUdKlHI5LWBXyqfS8+DufyBsgQ==}

  /focus-trap@7.5.4:
    resolution: {integrity: sha512-N7kHdlgsO/v+iD/dMoJKtsSqs5Dz/dXZVebRgJw23LDk+jMi/974zyiOYDziY2JPp8xivq9BmUGwIJMiuSBi7w==}
    dependencies:
      tabbable: 6.2.0
    dev: false

  /glob-to-regexp@0.4.1:
    resolution: {integrity: sha512-lkX1HJXwyMcprw/5YUZc2s7DrpAiHB21/V+E1rHUrVNokkvB6bqMzT0VfV6/86ZNabt1k14YOIaT7nDvOX3Iiw==}
    dev: false

  /graceful-fs@4.2.11:
    resolution: {integrity: sha512-RbJ5/jmFcNNCcDV5o9eTnBLJ/HszWV0P73bc+Ff4nS/rJj+YaS6IGyiOL0VoBYX+l1Wrl3k63h/KrH+nhJ0XvQ==}
    dev: false

  /js-tokens@4.0.0:
    resolution: {integrity: sha512-RdJUflcE3cUzKiMqQgsCu06FPu9UdIJO0beYbPhHN4k6apgJtifcoCtT9bcxOpYBtpD2kCM6Sbzg4CausW/PKQ==}
    dev: false

  /klona@2.0.6:
    resolution: {integrity: sha512-dhG34DXATL5hSxJbIexCft8FChFXtmskoZYnoPWjXQuebWYCNkVeV3KkGegCK9CP1oswI/vQibS2GY7Em/sJJA==}
    engines: {node: '>= 8'}
    dev: false

  /loose-envify@1.4.0:
    resolution: {integrity: sha512-lyuxPGr/Wfhrlem2CL/UcnUc1zcqKAImBDzukY7Y5F/yQiNdko6+fRLevlw1HgMySw7f611UIY408EtxRSoK3Q==}
    hasBin: true
    dependencies:
      js-tokens: 4.0.0
    dev: false

  /nanoid@3.3.7:
    resolution: {integrity: sha512-eSRppjcPIatRIMC1U6UngP8XFcz8MQWGQdt1MTBQ7NaAmvXDfvNxbvWV3x2y6CdEUciCSsDHDQZbhYaB8QEo2g==}
    engines: {node: ^10 || ^12 || ^13.7 || ^14 || >=15.0.1}
    hasBin: true
    dev: false

  /next@14.0.3(react-dom@18.2.0)(react@18.2.0):
    resolution: {integrity: sha512-AbYdRNfImBr3XGtvnwOxq8ekVCwbFTv/UJoLwmaX89nk9i051AEY4/HAWzU0YpaTDw8IofUpmuIlvzWF13jxIw==}
    engines: {node: '>=18.17.0'}
    hasBin: true
    peerDependencies:
      '@opentelemetry/api': ^1.1.0
      react: ^18.2.0
      react-dom: ^18.2.0
      sass: ^1.3.0
    peerDependenciesMeta:
      '@opentelemetry/api':
        optional: true
      sass:
        optional: true
    dependencies:
      '@next/env': 14.0.3
      '@swc/helpers': 0.5.2
      busboy: 1.6.0
      caniuse-lite: 1.0.30001565
      postcss: 8.4.31
      react: 18.2.0
      react-dom: 18.2.0(react@18.2.0)
      styled-jsx: 5.1.1(react@18.2.0)
      watchpack: 2.4.0
    optionalDependencies:
      '@next/swc-darwin-arm64': 14.0.3
      '@next/swc-darwin-x64': 14.0.3
      '@next/swc-linux-arm64-gnu': 14.0.3
      '@next/swc-linux-arm64-musl': 14.0.3
      '@next/swc-linux-x64-gnu': 14.0.3
      '@next/swc-linux-x64-musl': 14.0.3
      '@next/swc-win32-arm64-msvc': 14.0.3
      '@next/swc-win32-ia32-msvc': 14.0.3
      '@next/swc-win32-x64-msvc': 14.0.3
    transitivePeerDependencies:
      - '@babel/core'
      - babel-plugin-macros
    dev: false

  /picocolors@1.0.0:
    resolution: {integrity: sha512-1fygroTLlHu66zi26VoTDv8yRgm0Fccecssto+MhsZ0D/DGW2sm8E8AjW7NU5VVTRt5GxbeZ5qBuJr+HyLYkjQ==}
    dev: false

  /postcss@8.4.31:
    resolution: {integrity: sha512-PS08Iboia9mts/2ygV3eLpY5ghnUcfLV/EXTOW1E2qYxJKGGBUtNjN76FYHnMs36RmARn41bC0AZmn+rR0OVpQ==}
    engines: {node: ^10 || ^12 || >=14}
    dependencies:
      nanoid: 3.3.7
      picocolors: 1.0.0
      source-map-js: 1.0.2
    dev: false

  /proxy-compare@2.5.1:
    resolution: {integrity: sha512-oyfc0Tx87Cpwva5ZXezSp5V9vht1c7dZBhvuV/y3ctkgMVUmiAGDVeeB0dKhGSyT0v1ZTEQYpe/RXlBVBNuCLA==}
    dev: false

  /react-dom@18.2.0(react@18.2.0):
    resolution: {integrity: sha512-6IMTriUmvsjHUjNtEDudZfuDQUoWXVxKHhlEGSk81n4YFS+r/Kl99wXiwlVXtPBtJenozv2P+hxDsw9eA7Xo6g==}
    peerDependencies:
      react: ^18.2.0
    dependencies:
      loose-envify: 1.4.0
      react: 18.2.0
      scheduler: 0.23.0
    dev: false

  /react@18.2.0:
    resolution: {integrity: sha512-/3IjMdb2L9QbBdWiW5e3P2/npwMBaU9mHCSCUzNln0ZCYbcfTsGbTJrU/kGemdH2IWmB2ioZ+zkxtmq6g09fGQ==}
    engines: {node: '>=0.10.0'}
    dependencies:
      loose-envify: 1.4.0
    dev: false

  /scheduler@0.23.0:
    resolution: {integrity: sha512-CtuThmgHNg7zIZWAXi3AsyIzA3n4xx7aNyjwC2VJldO2LMVDhFK+63xGqq6CsJH4rTAt6/M+N4GhZiDYPx9eUw==}
    dependencies:
      loose-envify: 1.4.0
    dev: false

  /source-map-js@1.0.2:
    resolution: {integrity: sha512-R0XvVJ9WusLiqTCEiGCmICCMplcCkIwwR11mOSD9CR5u+IXYdiseeEuXCVAjS54zqwkLcPNnmU4OeJ6tUrWhDw==}
    engines: {node: '>=0.10.0'}
    dev: false

  /streamsearch@1.1.0:
    resolution: {integrity: sha512-Mcc5wHehp9aXz1ax6bZUyY5afg9u2rv5cqQI3mRrYkGC8rW2hM02jWuwjtL++LS5qinSyhj2QfLyNsuc+VsExg==}
    engines: {node: '>=10.0.0'}
    dev: false

  /styled-jsx@5.1.1(react@18.2.0):
    resolution: {integrity: sha512-pW7uC1l4mBZ8ugbiZrcIsiIvVx1UmTfw7UkC3Um2tmfUq9Bhk8IiyEIPl6F8agHgjzku6j0xQEZbfA5uSgSaCw==}
    engines: {node: '>= 12.0.0'}
    peerDependencies:
      '@babel/core': '*'
      babel-plugin-macros: '*'
      react: '>= 16.8.0 || 17.x.x || ^18.0.0-0'
    peerDependenciesMeta:
      '@babel/core':
        optional: true
      babel-plugin-macros:
        optional: true
    dependencies:
      client-only: 0.0.1
      react: 18.2.0
    dev: false

  /tabbable@6.2.0:
    resolution: {integrity: sha512-Cat63mxsVJlzYvN51JmVXIgNoUokrIaT2zLclCXjRd8boZ0004U4KCs/sToJ75C6sdlByWxpYnb5Boif1VSFew==}
    dev: false

  /tslib@2.6.2:
    resolution: {integrity: sha512-AEYxH93jGFPn/a2iVAwW87VuUIkR1FVUKB77NwMF7nBTDkDrrT/Hpt/IrCJ0QXhW27jTBDcf5ZY7w6RiqTMw2Q==}
    dev: false

  /typescript@5.3.2:
    resolution: {integrity: sha512-6l+RyNy7oAHDfxC4FzSJcz9vnjTKxrLpDG5M2Vu4SHRVNg6xzqZp6LYSR9zjqQTu8DU/f5xwxUdADOkbrIX2gQ==}
    engines: {node: '>=14.17'}
    hasBin: true
    dev: true

  /undici-types@5.26.5:
    resolution: {integrity: sha512-JlCMO+ehdEIKqlFxk6IfVoAUVmgz7cU7zD/h9XZ0qzeosSHmUJVOzSQvvYSYWXkFXC+IfLKSIffhv0sVZup6pA==}
    dev: true

  /watchpack@2.4.0:
    resolution: {integrity: sha512-Lcvm7MGST/4fup+ifyKi2hjyIAwcdI4HRgtvTpIUxBRhB+RFtUh8XtDOxUfctVCnhVi+QQj49i91OyvzkJl6cg==}
    engines: {node: '>=10.13.0'}
    dependencies:
      glob-to-regexp: 0.4.1
      graceful-fs: 4.2.11
    dev: false
